
Microsoft Visual Studio Solution File, Format Version 12.00
# Visual Studio Version 17
VisualStudioVersion = 17.3.32825.248
MinimumVisualStudioVersion = 10.0.40219.1
Project("{FAE04EC0-301F-11D3-BF4B-00C04F79EFBC}") = "projetconservatoireFinal", "projetconservatoireFinal\projetconservatoireFinal.csproj", "{2C376933-62E2-4BF9-8E64-9688E1BB9090}"
EndProject
Global
	GlobalSection(SolutionConfigurationPlatforms) = preSolution
		Debug|Any CPU = Debug|Any CPU
		Release|Any CPU = Release|Any CPU
	EndGlobalSection
	GlobalSection(ProjectConfigurationPlatforms) = postSolution
		{2C376933-62E2-4BF9-8E64-9688E1BB9090}.Debug|Any CPU.ActiveCfg = Debug|Any CPU
		{2C376933-62E2-4BF9-8E64-9688E1BB9090}.Debug|Any CPU.Build.0 = Debug|Any CPU
		{2C376933-62E2-4BF9-8E64-9688E1BB9090}.Release|Any CPU.ActiveCfg = Release|Any CPU
		{2C376933-62E2-4BF9-8E64-9688E1BB9090}.Release|Any CPU.Build.0 = Release|Any CPU
	EndGlobalSection
	GlobalSection(SolutionProperties) = preSolution
		HideSolutionNode = FALSE
	EndGlobalSection
	GlobalSection(ExtensibilityGlobals) = postSolution
		SolutionGuid = {8B370297-3B07-4360-A3EF-4F3DB107E6CA}
	EndGlobalSection
EndGlobal
